
Microsoft Visual Studio Solution File, Format Version 12.00
# Visual Studio 15
VisualStudioVersion = 15.0.28307.329
MinimumVisualStudioVersion = 10.0.40219.1
Project("{FAE04EC0-301F-11D3-BF4B-00C04F79EFBC}") = "integer-divider", "integer-divider\integer-divider.csproj", "{EFF028F4-735B-4EE7-A555-AFD463DDBA6E}"
EndProject
Global
	GlobalSection(SolutionConfigurationPlatforms) = preSolution
		Debug|Any CPU = Debug|Any CPU
		Release|Any CPU = Release|Any CPU
	EndGlobalSection
	GlobalSection(ProjectConfigurationPlatforms) = postSolution
		{EFF028F4-735B-4EE7-A555-AFD463DDBA6E}.Debug|Any CPU.ActiveCfg = Debug|Any CPU
		{EFF028F4-735B-4EE7-A555-AFD463DDBA6E}.Debug|Any CPU.Build.0 = Debug|Any CPU
		{EFF028F4-735B-4EE7-A555-AFD463DDBA6E}.Release|Any CPU.ActiveCfg = Release|Any CPU
		{EFF028F4-735B-4EE7-A555-AFD463DDBA6E}.Release|Any CPU.Build.0 = Release|Any CPU
	EndGlobalSection
	GlobalSection(SolutionProperties) = preSolution
		HideSolutionNode = FALSE
	EndGlobalSection
	GlobalSection(ExtensibilityGlobals) = postSolution
		SolutionGuid = {E752E02A-6352-4307-A0C3-9D9E117472B4}
	EndGlobalSection
EndGlobal
